
Microsoft Visual Studio Solution File, Format Version 12.00
# Visual Studio 15
VisualStudioVersion = 15.0.26730.10
MinimumVisualStudioVersion = 10.0.40219.1
Project("{8BC9CEB8-8B4A-11D0-8D11-00A0C91BC942}") = "GiantOpenGL", "GiantOpenGL\GiantOpenGL.vcxproj", "{EA63B40E-99CA-4794-B138-D7BCD8F827CF}"
EndProject
Project("{8BC9CEB8-8B4A-11D0-8D11-00A0C91BC942}") = "ModelTest", "ModelTest\ModelTest.vcxproj", "{1886ED00-4B76-4BBD-A3FA-0105C3ABA6B5}"
EndProject
Project("{8BC9CEB8-8B4A-11D0-8D11-00A0C91BC942}") = "DepthTest", "DepthTest\DepthTest.vcxproj", "{103C8198-20EA-4966-98CF-2BBD060CD44E}"
EndProject
Project("{8BC9CEB8-8B4A-11D0-8D11-00A0C91BC942}") = "StencilTest", "StencilTest\StencilTest.vcxproj", "{2837D2AA-0BBB-435F-AFB0-ED00CF6BFFE6}"
EndProject
Project("{8BC9CEB8-8B4A-11D0-8D11-00A0C91BC942}") = "Blend", "Blend\Blend.vcxproj", "{EFE7DEDF-ED10-4985-B555-2AAAE5ECDD10}"
EndProject
Global
	GlobalSection(SolutionConfigurationPlatforms) = preSolution
		Debug|x64 = Debug|x64
		Debug|x86 = Debug|x86
		Release|x64 = Release|x64
		Release|x86 = Release|x86
	EndGlobalSection
	GlobalSection(ProjectConfigurationPlatforms) = postSolution
		{EA63B40E-99CA-4794-B138-D7BCD8F827CF}.Debug|x64.ActiveCfg = Debug|x64
		{EA63B40E-99CA-4794-B138-D7BCD8F827CF}.Debug|x64.Build.0 = Debug|x64
		{EA63B40E-99CA-4794-B138-D7BCD8F827CF}.Debug|x86.ActiveCfg = Debug|Win32
		{EA63B40E-99CA-4794-B138-D7BCD8F827CF}.Debug|x86.Build.0 = Debug|Win32
		{EA63B40E-99CA-4794-B138-D7BCD8F827CF}.Release|x64.ActiveCfg = Release|x64
		{EA63B40E-99CA-4794-B138-D7BCD8F827CF}.Release|x64.Build.0 = Release|x64
		{EA63B40E-99CA-4794-B138-D7BCD8F827CF}.Release|x86.ActiveCfg = Release|Win32
		{EA63B40E-99CA-4794-B138-D7BCD8F827CF}.Release|x86.Build.0 = Release|Win32
		{1886ED00-4B76-4BBD-A3FA-0105C3ABA6B5}.Debug|x64.ActiveCfg = Debug|x64
		{1886ED00-4B76-4BBD-A3FA-0105C3ABA6B5}.Debug|x64.Build.0 = Debug|x64
		{1886ED00-4B76-4BBD-A3FA-0105C3ABA6B5}.Debug|x86.ActiveCfg = Debug|Win32
		{1886ED00-4B76-4BBD-A3FA-0105C3ABA6B5}.Debug|x86.Build.0 = Debug|Win32
		{1886ED00-4B76-4BBD-A3FA-0105C3ABA6B5}.Release|x64.ActiveCfg = Release|x64
		{1886ED00-4B76-4BBD-A3FA-0105C3ABA6B5}.Release|x64.Build.0 = Release|x64
		{1886ED00-4B76-4BBD-A3FA-0105C3ABA6B5}.Release|x86.ActiveCfg = Release|Win32
		{1886ED00-4B76-4BBD-A3FA-0105C3ABA6B5}.Release|x86.Build.0 = Release|Win32
		{103C8198-20EA-4966-98CF-2BBD060CD44E}.Debug|x64.ActiveCfg = Debug|x64
		{103C8198-20EA-4966-98CF-2BBD060CD44E}.Debug|x64.Build.0 = Debug|x64
		{103C8198-20EA-4966-98CF-2BBD060CD44E}.Debug|x86.ActiveCfg = Debug|Win32
		{103C8198-20EA-4966-98CF-2BBD060CD44E}.Debug|x86.Build.0 = Debug|Win32
		{103C8198-20EA-4966-98CF-2BBD060CD44E}.Release|x64.ActiveCfg = Release|x64
		{103C8198-20EA-4966-98CF-2BBD060CD44E}.Release|x64.Build.0 = Release|x64
		{103C8198-20EA-4966-98CF-2BBD060CD44E}.Release|x86.ActiveCfg = Release|Win32
		{103C8198-20EA-4966-98CF-2BBD060CD44E}.Release|x86.Build.0 = Release|Win32
		{2837D2AA-0BBB-435F-AFB0-ED00CF6BFFE6}.Debug|x64.ActiveCfg = Debug|x64
		{2837D2AA-0BBB-435F-AFB0-ED00CF6BFFE6}.Debug|x64.Build.0 = Debug|x64
		{2837D2AA-0BBB-435F-AFB0-ED00CF6BFFE6}.Debug|x86.ActiveCfg = Debug|Win32
		{2837D2AA-0BBB-435F-AFB0-ED00CF6BFFE6}.Debug|x86.Build.0 = Debug|Win32
		{2837D2AA-0BBB-435F-AFB0-ED00CF6BFFE6}.Release|x64.ActiveCfg = Release|x64
		{2837D2AA-0BBB-435F-AFB0-ED00CF6BFFE6}.Release|x64.Build.0 = Release|x64
		{2837D2AA-0BBB-435F-AFB0-ED00CF6BFFE6}.Release|x86.ActiveCfg = Release|Win32
		{2837D2AA-0BBB-435F-AFB0-ED00CF6BFFE6}.Release|x86.Build.0 = Release|Win32
		{EFE7DEDF-ED10-4985-B555-2AAAE5ECDD10}.Debug|x64.ActiveCfg = Debug|x64
		{EFE7DEDF-ED10-4985-B555-2AAAE5ECDD10}.Debug|x64.Build.0 = Debug|x64
		{EFE7DEDF-ED10-4985-B555-2AAAE5ECDD10}.Debug|x86.ActiveCfg = Debug|Win32
		{EFE7DEDF-ED10-4985-B555-2AAAE5ECDD10}.Debug|x86.Build.0 = Debug|Win32
		{EFE7DEDF-ED10-4985-B555-2AAAE5ECDD10}.Release|x64.ActiveCfg = Release|x64
		{EFE7DEDF-ED10-4985-B555-2AAAE5ECDD10}.Release|x64.Build.0 = Release|x64
		{EFE7DEDF-ED10-4985-B555-2AAAE5ECDD10}.Release|x86.ActiveCfg = Release|Win32
		{EFE7DEDF-ED10-4985-B555-2AAAE5ECDD10}.Release|x86.Build.0 = Release|Win32
	EndGlobalSection
	GlobalSection(SolutionProperties) = preSolution
		HideSolutionNode = FALSE
	EndGlobalSection
	GlobalSection(ExtensibilityGlobals) = postSolution
		SolutionGuid = {C75A301B-BA66-4645-88E8-B7A1327B589F}
	EndGlobalSection
EndGlobal
